// !$*UTF8*$!
{
	archiveVersion = 1;
	classes = {
	};
	objectVersion = 50;
	objects = {

/* Begin PBXBuildFile section */
		4465ABD823ED7FDE00444B91 /* AppDelegate.swift in Sources */ = {isa = PBXBuildFile; fileRef = 4465ABD723ED7FDE00444B91 /* AppDelegate.swift */; };
		4465ABDA23ED7FDE00444B91 /* SceneDelegate.swift in Sources */ = {isa = PBXBuildFile; fileRef = 4465ABD923ED7FDE00444B91 /* SceneDelegate.swift */; };
		4465ABDC23ED7FDE00444B91 /* ViewController.swift in Sources */ = {isa = PBXBuildFile; fileRef = 4465ABDB23ED7FDE00444B91 /* ViewController.swift */; };
		4465ABDF23ED7FDE00444B91 /* Main.storyboard in Resources */ = {isa = PBXBuildFile; fileRef = 4465ABDD23ED7FDE00444B91 /* Main.storyboard */; };
		4465ABE123ED7FE600444B91 /* Assets.xcassets in Resources */ = {isa = PBXBuildFile; fileRef = 4465ABE023ED7FE600444B91 /* Assets.xcassets */; };
		4465ABE423ED7FE600444B91 /* LaunchScreen.storyboard in Resources */ = {isa = PBXBuildFile; fileRef = 4465ABE223ED7FE600444B91 /* LaunchScreen.storyboard */; };
		4465ABED23ED801D00444B91 /* UIDevice+JailBroken.swift in Sources */ = {isa = PBXBuildFile; fileRef = 4465ABEC23ED801D00444B91 /* UIDevice+JailBroken.swift */; };
/* End PBXBuildFile section */

/* Begin PBXFileReference section */
		4465ABD423ED7FDE00444B91 /* IsJailBroken.app */ = {isa = PBXFileReference; explicitFileType = wrapper.application; includeInIndex = 0; path = IsJailBroken.app; sourceTree = BUILT_PRODUCTS_DIR; };
		4465ABD723ED7FDE00444B91 /* AppDelegate.swift */ = {isa = PBXFileReference; lastKnownFileType = sourcecode.swift; path = AppDelegate.swift; sourceTree = "<group>"; };
		4465ABD923ED7FDE00444B91 /* SceneDelegate.swift */ = {isa = PBXFileReference; lastKnownFileType = sourcecode.swift; path = SceneDelegate.swift; sourceTree = "<group>"; };
		4465ABDB23ED7FDE00444B91 /* ViewController.swift */ = {isa = PBXFileReference; lastKnownFileType = sourcecode.swift; path = ViewController.swift; sourceTree = "<group>"; };
		4465ABDE23ED7FDE00444B91 /* Base */ = {isa = PBXFileReference; lastKnownFileType = file.storyboard; name = Base; path = Base.lproj/Main.storyboard; sourceTree = "<group>"; };
		4465ABE023ED7FE600444B91 /* Assets.xcassets */ = {isa = PBXFileReference; lastKnownFileType = folder.assetcatalog; path = Assets.xcassets; sourceTree = "<group>"; };
		4465ABE323ED7FE600444B91 /* Base */ = {isa = PBXFileReference; lastKnownFileType = file.storyboard; name = Base; path = Base.lproj/LaunchScreen.storyboard; sourceTree = "<group>"; };
		4465ABE523ED7FE600444B91 /* Info.plist */ = {isa = PBXFileReference; lastKnownFileType = text.plist.xml; path = Info.plist; sourceTree = "<group>"; };
		4465ABEC23ED801D00444B91 /* UIDevice+JailBroken.swift */ = {isa = PBXFileReference; lastKnownFileType = sourcecode.swift; path = "UIDevice+JailBroken.swift"; sourceTree = "<group>"; };
/* End PBXFileReference section */

/* Begin PBXFrameworksBuildPhase section */
		4465ABD123ED7FDE00444B91 /* Frameworks */ = {
			isa = PBXFrameworksBuildPhase;
			buildActionMask = 2147483647;
			files = (
			);
			runOnlyForDeploymentPostprocessing = 0;
		};
/* End PBXFrameworksBuildPhase section */

/* Begin PBXGroup section */
		4465ABCB23ED7FDE00444B91 = {
			isa = PBXGroup;
			children = (
				4465ABD623ED7FDE00444B91 /* IsJailBroken */,
				4465ABD523ED7FDE00444B91 /* Products */,
			);
			sourceTree = "<group>";
		};
		4465ABD523ED7FDE00444B91 /* Products */ = {
			isa = PBXGroup;
			children = (
				4465ABD423ED7FDE00444B91 /* IsJailBroken.app */,
			);
			name = Products;
			sourceTree = "<group>";
		};
		4465ABD623ED7FDE00444B91 /* IsJailBroken */ = {
			isa = PBXGroup;
			children = (
				4465ABEB23ED7FF300444B91 /* Extension */,
				4465ABD723ED7FDE00444B91 /* AppDelegate.swift */,
				4465ABD923ED7FDE00444B91 /* SceneDelegate.swift */,
				4465ABDB23ED7FDE00444B91 /* ViewController.swift */,
				4465ABDD23ED7FDE00444B91 /* Main.storyboard */,
				4465ABE023ED7FE600444B91 /* Assets.xcassets */,
				4465ABE223ED7FE600444B91 /* LaunchScreen.storyboard */,
				4465ABE523ED7FE600444B91 /* Info.plist */,
			);
			path = IsJailBroken;
			sourceTree = "<group>";
		};
		4465ABEB23ED7FF300444B91 /* Extension */ = {
			isa = PBXGroup;
			children = (
				4465ABEC23ED801D00444B91 /* UIDevice+JailBroken.swift */,
			);
			path = Extension;
			sourceTree = "<group>";
		};
/* End PBXGroup section */

/* Begin PBXNativeTarget section */
		4465ABD323ED7FDE00444B91 /* IsJailBroken */ = {
			isa = PBXNativeTarget;
			buildConfigurationList = 4465ABE823ED7FE600444B91 /* Build configuration list for PBXNativeTarget "IsJailBroken" */;
			buildPhases = (
				4465ABD023ED7FDE00444B91 /* Sources */,
				4465ABD123ED7FDE00444B91 /* Frameworks */,
				4465ABD223ED7FDE00444B91 /* Resources */,
			);
			buildRules = (
			);
			dependencies = (
			);
			name = IsJailBroken;
			productName = IsJailBroken;
			productReference = 4465ABD423ED7FDE00444B91 /* IsJailBroken.app */;
			productType = "com.apple.product-type.application";
		};
/* End PBXNativeTarget section */

/* Begin PBXProject section */
		4465ABCC23ED7FDE00444B91 /* Project object */ = {
			isa = PBXProject;
			attributes = {
				LastSwiftUpdateCheck = 1130;
				LastUpgradeCheck = 1130;
				ORGANIZATIONNAME = "Developer Insider";
				TargetAttributes = {
					4465ABD323ED7FDE00444B91 = {
						CreatedOnToolsVersion = 11.3;
					};
				};
			};
			buildConfigurationList = 4465ABCF23ED7FDE00444B91 /* Build configuration list for PBXProject "IsJailBroken" */;
			compatibilityVersion = "Xcode 9.3";
			developmentRegion = en;
			hasScannedForEncodings = 0;
			knownRegions = (
				en,
				Base,
			);
			mainGroup = 4465ABCB23ED7FDE00444B91;
			productRefGroup = 4465ABD523ED7FDE00444B91 /* Products */;
			projectDirPath = "";
			projectRoot = "";
			targets = (
				4465ABD323ED7FDE00444B91 /* IsJailBroken */,
			);
		};
/* End PBXProject section */

/* Begin PBXResourcesBuildPhase section */
		4465ABD223ED7FDE00444B91 /* Resources */ = {
			isa = PBXResourcesBuildPhase;
			buildActionMask = 2147483647;
			files = (
				4465ABE423ED7FE600444B91 /* LaunchScreen.storyboard in Resources */,
				4465ABE123ED7FE600444B91 /* Assets.xcassets in Resources */,
				4465ABDF23ED7FDE00444B91 /* Main.storyboard in Resources */,
			);
			runOnlyForDeploymentPostprocessing = 0;
		};
/* End PBXResourcesBuildPhase section */

/* Begin PBXSourcesBuildPhase section */
		4465ABD023ED7FDE00444B91 /* Sources */ = {
			isa = PBXSourcesBuildPhase;
			buildActionMask = 2147483647;
			files = (
				4465ABDC23ED7FDE00444B91 /* ViewController.swift in Sources */,
				4465ABD823ED7FDE00444B91 /* AppDelegate.swift in Sources */,
				4465ABED23ED801D00444B91 /* UIDevice+JailBroken.swift in Sources */,
				4465ABDA23ED7FDE00444B91 /* SceneDelegate.swift in Sources */,
			);
			runOnlyForDeploymentPostprocessing = 0;
		};
/* End PBXSourcesBuildPhase section */

/* Begin PBXVariantGroup section */
		4465ABDD23ED7FDE00444B91 /* Main.storyboard */ = {
			isa = PBXVariantGroup;
			children = (
				4465ABDE23ED7FDE00444B91 /* Base */,
			);
			name = Main.storyboard;
			sourceTree = "<group>";
		};
		4465ABE223ED7FE600444B91 /* LaunchScreen.storyboard */ = {
			isa = PBXVariantGroup;
			children = (
				4465ABE323ED7FE600444B91 /* Base */,
			);
			name = LaunchScreen.storyboard;
			sourceTree = "<group>";
		};
/* End PBXVariantGroup section */

/* Begin XCBuildConfiguration section */
		4465ABE623ED7FE600444B91 /* Debug */ = {
			isa = XCBuildConfiguration;
			buildSettings = {
				ALWAYS_SEARCH_USER_PATHS = NO;
				CLANG_ANALYZER_NONNULL = YES;
				CLANG_ANALYZER_NUMBER_OBJECT_CONVERSION = YES_AGGRESSIVE;
				CLANG_CXX_LANGUAGE_STANDARD = "gnu++14";
				CLANG_CXX_LIBRARY = "libc++";
				CLANG_ENABLE_MODULES = YES;
				CLANG_ENABLE_OBJC_ARC = YES;
				CLANG_ENABLE_OBJC_WEAK = YES;
				CLANG_WARN_BLOCK_CAPTURE_AUTORELEASING = YES;
				CLANG_WARN_BOOL_CONVERSION = YES;
				CLANG_WARN_COMMA = YES;
				CLANG_WARN_CONSTANT_CONVERSION = YES;
				CLANG_WARN_DEPRECATED_OBJC_IMPLEMENTATIONS = YES;
				CLANG_WARN_DIRECT_OBJC_ISA_USAGE = YES_ERROR;
				CLANG_WARN_DOCUMENTATION_COMMENTS = YES;
				CLANG_WARN_EMPTY_BODY = YES;
				CLANG_WARN_ENUM_CONVERSION = YES;
				CLANG_WARN_INFINITE_RECURSION = YES;
				CLANG_WARN_INT_CONVERSION = YES;
				CLANG_WARN_NON_LITERAL_NULL_CONVERSION = YES;
				CLANG_WARN_OBJC_IMPLICIT_RETAIN_SELF = YES;
				CLANG_WARN_OBJC_LITERAL_CONVERSION = YES;
				CLANG_WARN_OBJC_ROOT_CLASS = YES_ERROR;
				CLANG_WARN_RANGE_LOOP_ANALYSIS = YES;
				CLANG_WARN_STRICT_PROTOTYPES = YES;
				CLANG_WARN_SUSPICIOUS_MOVE = YES;
				CLANG_WARN_UNGUARDED_AVAILABILITY = YES_AGGRESSIVE;
				CLANG_WARN_UNREACHABLE_CODE = YES;
				CLANG_WARN__DUPLICATE_METHOD_MATCH = YES;
				COPY_PHASE_STRIP = NO;
				DEBUG_INFORMATION_FORMAT = dwarf;
				ENABLE_STRICT_OBJC_MSGSEND = YES;
				ENABLE_TESTABILITY = YES;
				GCC_C_LANGUAGE_STANDARD = gnu11;
				GCC_DYNAMIC_NO_PIC = NO;
				GCC_NO_COMMON_BLOCKS = YES;
				GCC_OPTIMIZATION_LEVEL = 0;
				GCC_PREPROCESSOR_DEFINITIONS = (
					"DEBUG=1",
					"$(inherited)",
				);
				GCC_WARN_64_TO_32_BIT_CONVERSION = YES;
				GCC_WARN_ABOUT_RETURN_TYPE = YES_ERROR;
				GCC_WARN_UNDECLARED_SELECTOR = YES;
				GCC_WARN_UNINITIALIZED_AUTOS = YES_AGGRESSIVE;
				GCC_WARN_UNUSED_FUNCTION = YES;
				GCC_WARN_UNUSED_VARIABLE = YES;
				IPHONEOS_DEPLOYMENT_TARGET = 13.2;
				MTL_ENABLE_DEBUG_INFO = INCLUDE_SOURCE;
				MTL_FAST_MATH = YES;
				ONLY_ACTIVE_ARCH = YES;
				SDKROOT = iphoneos;
				SWIFT_ACTIVE_COMPILATION_CONDITIONS = DEBUG;
				SWIFT_OPTIMIZATION_LEVEL = "-Onone";
			};
			name = Debug;
		};
		4465ABE723ED7FE600444B91 /* Release */ = {
			isa = XCBuildConfiguration;
			buildSettings = {
				ALWAYS_SEARCH_USER_PATHS = NO;
				CLANG_ANALYZER_NONNULL = YES;
				CLANG_ANALYZER_NUMBER_OBJECT_CONVERSION = YES_AGGRESSIVE;
				CLANG_CXX_LANGUAGE_STANDARD = "gnu++14";
				CLANG_CXX_LIBRARY = "libc++";
				CLANG_ENABLE_MODULES = YES;
				CLANG_ENABLE_OBJC_ARC = YES;
				CLANG_ENABLE_OBJC_WEAK = YES;
				CLANG_WARN_BLOCK_CAPTURE_AUTORELEASING = YES;
				CLANG_WARN_BOOL_CONVERSION = YES;
				CLANG_WARN_COMMA = YES;
				CLANG_WARN_CONSTANT_CONVERSION = YES;
				CLANG_WARN_DEPRECATED_OBJC_IMPLEMENTATIONS = YES;
				CLANG_WARN_DIRECT_OBJC_ISA_USAGE = YES_ERROR;
				CLANG_WARN_DOCUMENTATION_COMMENTS = YES;
				CLANG_WARN_EMPTY_BODY = YES;
				CLANG_WARN_ENUM_CONVERSION = YES;
				CLANG_WARN_INFINITE_RECURSION = YES;
				CLANG_WARN_INT_CONVERSION = YES;
				CLANG_WARN_NON_LITERAL_NULL_CONVERSION = YES;
				CLANG_WARN_OBJC_IMPLICIT_RETAIN_SELF = YES;
				CLANG_WARN_OBJC_LITERAL_CONVERSION = YES;
				CLANG_WARN_OBJC_ROOT_CLASS = YES_ERROR;
				CLANG_WARN_RANGE_LOOP_ANALYSIS = YES;
				CLANG_WARN_STRICT_PROTOTYPES = YES;
				CLANG_WARN_SUSPICIOUS_MOVE = YES;
				CLANG_WARN_UNGUARDED_AVAILABILITY = YES_AGGRESSIVE;
				CLANG_WARN_UNREACHABLE_CODE = YES;
				CLANG_WARN__DUPLICATE_METHOD_MATCH = YES;
				COPY_PHASE_STRIP = NO;
				DEBUG_INFORMATION_FORMAT = "dwarf-with-dsym";
				ENABLE_NS_ASSERTIONS = NO;
				ENABLE_STRICT_OBJC_MSGSEND = YES;
				GCC_C_LANGUAGE_STANDARD = gnu11;
				GCC_NO_COMMON_BLOCKS = YES;
				GCC_WARN_64_TO_32_BIT_CONVERSION = YES;
				GCC_WARN_ABOUT_RETURN_TYPE = YES_ERROR;
				GCC_WARN_UNDECLARED_SELECTOR = YES;
				GCC_WARN_UNINITIALIZED_AUTOS = YES_AGGRESSIVE;
				GCC_WARN_UNUSED_FUNCTION = YES;
				GCC_WARN_UNUSED_VARIABLE = YES;
				IPHONEOS_DEPLOYMENT_TARGET = 13.2;
				MTL_ENABLE_DEBUG_INFO = NO;
				MTL_FAST_MATH = YES;
				SDKROOT = iphoneos;
				SWIFT_COMPILATION_MODE = wholemodule;
				SWIFT_OPTIMIZATION_LEVEL = "-O";
				VALIDATE_PRODUCT = YES;
			};
			name = Release;
		};
		4465ABE923ED7FE600444B91 /* Debug */ = {
			isa = XCBuildConfiguration;
			buildSettings = {
				ASSETCATALOG_COMPILER_APPICON_NAME = AppIcon;
				CODE_SIGN_STYLE = Automatic;
				DEVELOPMENT_TEAM = AFDKURH36K;
				INFOPLIST_FILE = IsJailBroken/Info.plist;
				LD_RUNPATH_SEARCH_PATHS = (
					"$(inherited)",
					"@executable_path/Frameworks",
				);
				PRODUCT_BUNDLE_IDENTIFIER = co.di.IsJailBroken;
				PRODUCT_NAME = "$(TARGET_NAME)";
				SWIFT_VERSION = 5.0;
				TARGETED_DEVICE_FAMILY = "1,2";
			};
			name = Debug;
		};
		4465ABEA23ED7FE600444B91 /* Release */ = {
			isa = XCBuildConfiguration;
			buildSettings = {
				ASSETCATALOG_COMPILER_APPICON_NAME = AppIcon;
				CODE_SIGN_STYLE = Automatic;
				DEVELOPMENT_TEAM = AFDKURH36K;
				INFOPLIST_FILE = IsJailBroken/Info.plist;
				LD_RUNPATH_SEARCH_PATHS = (
					"$(inherited)",
					"@executable_path/Frameworks",
				);
				PRODUCT_BUNDLE_IDENTIFIER = co.di.IsJailBroken;
				PRODUCT_NAME = "$(TARGET_NAME)";
				SWIFT_VERSION = 5.0;
				TARGETED_DEVICE_FAMILY = "1,2";
			};
			name = Release;
		};
/* End XCBuildConfiguration section */

/* Begin XCConfigurationList section */
		4465ABCF23ED7FDE00444B91 /* Build configuration list for PBXProject "IsJailBroken" */ = {
			isa = XCConfigurationList;
			buildConfigurations = (
				4465ABE623ED7FE600444B91 /* Debug */,
				4465ABE723ED7FE600444B91 /* Release */,
			);
			defaultConfigurationIsVisible = 0;
			defaultConfigurationName = Release;
		};
		4465ABE823ED7FE600444B91 /* Build configuration list for PBXNativeTarget "IsJailBroken" */ = {
			isa = XCConfigurationList;
			buildConfigurations = (
				4465ABE923ED7FE600444B91 /* Debug */,
				4465ABEA23ED7FE600444B91 /* Release */,
			);
			defaultConfigurationIsVisible = 0;
			defaultConfigurationName = Release;
		};
/* End XCConfigurationList section */
	};
	rootObject = 4465ABCC23ED7FDE00444B91 /* Project object */;
}
